Microsoft Visual Studio Solution File, Format Version 12.00
# Visual Studio Version 17
VisualStudioVersion = 17.5.2.0
MinimumVisualStudioVersion = 10.0.40219.1
Project("{FAE04EC0-301F-11D3-BF4B-00C04F79EFBC}") = "FaqApi", "FaqApi.csproj", "{AC0D97D5-4DC0-F9CF-F0CB-0964481BF749}"
EndProject
Global
	GlobalSection(SolutionConfigurationPlatforms) = preSolution
		Debug|Any CPU = Debug|Any CPU
		Release|Any CPU = Release|Any CPU
	EndGlobalSection
	GlobalSection(ProjectConfigurationPlatforms) = postSolution
		{AC0D97D5-4DC0-F9CF-F0CB-0964481BF749}.Debug|Any CPU.ActiveCfg = Debug|Any CPU
		{AC0D97D5-4DC0-F9CF-F0CB-0964481BF749}.Debug|Any CPU.Build.0 = Debug|Any CPU
		{AC0D97D5-4DC0-F9CF-F0CB-0964481BF749}.Release|Any CPU.ActiveCfg = Release|Any CPU
		{AC0D97D5-4DC0-F9CF-F0CB-0964481BF749}.Release|Any CPU.Build.0 = Release|Any CPU
	EndGlobalSection
	GlobalSection(SolutionProperties) = preSolution
		HideSolutionNode = FALSE
	EndGlobalSection
	GlobalSection(ExtensibilityGlobals) = postSolution
		SolutionGuid = {0F114B48-1EAB-4C17-9F76-64141E7B0397}
	EndGlobalSection
EndGlobal
